
Microsoft Visual Studio Solution File, Format Version 12.00
# Visual Studio 2017
Project("{FAE04EC0-301F-11D3-BF4B-00C04F79EFBC}") = "Save The Ball", "Save The Ball.csproj", "{2A6B561D-F960-00BF-5D49-F2350E5F858C}"
EndProject
Global
	GlobalSection(SolutionConfigurationPlatforms) = preSolution
		Debug|Any CPU = Debug|Any CPU
		Release|Any CPU = Release|Any CPU
	EndGlobalSection
	GlobalSection(ProjectConfigurationPlatforms) = postSolution
		{2A6B561D-F960-00BF-5D49-F2350E5F858C}.Debug|Any CPU.ActiveCfg = Debug|Any CPU
		{2A6B561D-F960-00BF-5D49-F2350E5F858C}.Debug|Any CPU.Build.0 = Debug|Any CPU
		{2A6B561D-F960-00BF-5D49-F2350E5F858C}.Release|Any CPU.ActiveCfg = Release|Any CPU
		{2A6B561D-F960-00BF-5D49-F2350E5F858C}.Release|Any CPU.Build.0 = Release|Any CPU
	EndGlobalSection
	GlobalSection(SolutionProperties) = preSolution
		HideSolutionNode = FALSE
	EndGlobalSection
EndGlobal
